
Microsoft Visual Studio Solution File, Format Version 12.00
# Visual Studio Version 17
VisualStudioVersion = 17.8.34322.80
MinimumVisualStudioVersion = 10.0.40219.1
Project("{9A19103F-16F7-4668-BE54-9A1E7A4F7556}") = "OutfitTrack.Api", "OutfitTrack.Api\OutfitTrack.Api.csproj", "{72809C2D-97EA-4CDE-A81A-36AD62FF5737}"
EndProject
Project("{9A19103F-16F7-4668-BE54-9A1E7A4F7556}") = "OutfitTrack.Arguments", "OutfitTrack.Arguments\OutfitTrack.Arguments.csproj", "{F635B446-D14D-46DB-96EE-FC1130053D4A}"
EndProject
Project("{9A19103F-16F7-4668-BE54-9A1E7A4F7556}") = "OutfitTrack.Domain", "OutfitTrack.Domain\OutfitTrack.Domain.csproj", "{075E7355-DC25-4F06-8D14-99C765AF769A}"
EndProject
Project("{9A19103F-16F7-4668-BE54-9A1E7A4F7556}") = "OutfitTrack.Infraestructure", "OutfitTrack.Infraestructure\OutfitTrack.Infraestructure.csproj", "{65EFE277-1131-43CE-A460-4E50B849976E}"
EndProject
Project("{9A19103F-16F7-4668-BE54-9A1E7A4F7556}") = "OutfitTrack.CrossCutting", "OutfitTrack.CrossCutting\OutfitTrack.CrossCutting.csproj", "{6A15E7E9-8650-4979-9510-427D993E4020}"
EndProject
Project("{FAE04EC0-301F-11D3-BF4B-00C04F79EFBC}") = "OutfitTrack.Application", "OutfitTrack.Application\OutfitTrack.Application.csproj", "{EE0171AF-EFCD-4FCB-ADD9-3DEAE6E38CCA}"
EndProject
Global
	GlobalSection(SolutionConfigurationPlatforms) = preSolution
		Debug|Any CPU = Debug|Any CPU
		Release|Any CPU = Release|Any CPU
	EndGlobalSection
	GlobalSection(ProjectConfigurationPlatforms) = postSolution
		{72809C2D-97EA-4CDE-A81A-36AD62FF5737}.Debug|Any CPU.ActiveCfg = Debug|Any CPU
		{72809C2D-97EA-4CDE-A81A-36AD62FF5737}.Debug|Any CPU.Build.0 = Debug|Any CPU
		{72809C2D-97EA-4CDE-A81A-36AD62FF5737}.Release|Any CPU.ActiveCfg = Release|Any CPU
		{72809C2D-97EA-4CDE-A81A-36AD62FF5737}.Release|Any CPU.Build.0 = Release|Any CPU
		{F635B446-D14D-46DB-96EE-FC1130053D4A}.Debug|Any CPU.ActiveCfg = Debug|Any CPU
		{F635B446-D14D-46DB-96EE-FC1130053D4A}.Debug|Any CPU.Build.0 = Debug|Any CPU
		{F635B446-D14D-46DB-96EE-FC1130053D4A}.Release|Any CPU.ActiveCfg = Release|Any CPU
		{F635B446-D14D-46DB-96EE-FC1130053D4A}.Release|Any CPU.Build.0 = Release|Any CPU
		{075E7355-DC25-4F06-8D14-99C765AF769A}.Debug|Any CPU.ActiveCfg = Debug|Any CPU
		{075E7355-DC25-4F06-8D14-99C765AF769A}.Debug|Any CPU.Build.0 = Debug|Any CPU
		{075E7355-DC25-4F06-8D14-99C765AF769A}.Release|Any CPU.ActiveCfg = Release|Any CPU
		{075E7355-DC25-4F06-8D14-99C765AF769A}.Release|Any CPU.Build.0 = Release|Any CPU
		{65EFE277-1131-43CE-A460-4E50B849976E}.Debug|Any CPU.ActiveCfg = Debug|Any CPU
		{65EFE277-1131-43CE-A460-4E50B849976E}.Debug|Any CPU.Build.0 = Debug|Any CPU
		{65EFE277-1131-43CE-A460-4E50B849976E}.Release|Any CPU.ActiveCfg = Release|Any CPU
		{65EFE277-1131-43CE-A460-4E50B849976E}.Release|Any CPU.Build.0 = Release|Any CPU
		{6A15E7E9-8650-4979-9510-427D993E4020}.Debug|Any CPU.ActiveCfg = Debug|Any CPU
		{6A15E7E9-8650-4979-9510-427D993E4020}.Debug|Any CPU.Build.0 = Debug|Any CPU
		{6A15E7E9-8650-4979-9510-427D993E4020}.Release|Any CPU.ActiveCfg = Release|Any CPU
		{6A15E7E9-8650-4979-9510-427D993E4020}.Release|Any CPU.Build.0 = Release|Any CPU
		{EE0171AF-EFCD-4FCB-ADD9-3DEAE6E38CCA}.Debug|Any CPU.ActiveCfg = Debug|Any CPU
		{EE0171AF-EFCD-4FCB-ADD9-3DEAE6E38CCA}.Debug|Any CPU.Build.0 = Debug|Any CPU
		{EE0171AF-EFCD-4FCB-ADD9-3DEAE6E38CCA}.Release|Any CPU.ActiveCfg = Release|Any CPU
		{EE0171AF-EFCD-4FCB-ADD9-3DEAE6E38CCA}.Release|Any CPU.Build.0 = Release|Any CPU
	EndGlobalSection
	GlobalSection(SolutionProperties) = preSolution
		HideSolutionNode = FALSE
	EndGlobalSection
	GlobalSection(ExtensibilityGlobals) = postSolution
		SolutionGuid = {D5F3A3E6-8104-48DA-8C35-4A922DA8178F}
	EndGlobalSection
EndGlobal
